
Microsoft Visual Studio Solution File, Format Version 12.00
# Visual Studio Version 16
VisualStudioVersion = 16.0.32228.343
MinimumVisualStudioVersion = 10.0.40219.1
Project("{FAE04EC0-301F-11D3-BF4B-00C04F79EFBC}") = "Prakt1", "Prakt1.csproj", "{4CB915D4-EAB2-4545-B628-A6E1837D8977}"
EndProject
Project("{FAE04EC0-301F-11D3-BF4B-00C04F79EFBC}") = "Lib_12", "..\Lib_12\Lib_12.csproj", "{788E8EBA-D65D-4F57-BA00-2075F326E327}"
EndProject
Global
	GlobalSection(SolutionConfigurationPlatforms) = preSolution
		Debug|Any CPU = Debug|Any CPU
		Release|Any CPU = Release|Any CPU
	EndGlobalSection
	GlobalSection(ProjectConfigurationPlatforms) = postSolution
		{4CB915D4-EAB2-4545-B628-A6E1837D8977}.Debug|Any CPU.ActiveCfg = Debug|Any CPU
		{4CB915D4-EAB2-4545-B628-A6E1837D8977}.Debug|Any CPU.Build.0 = Debug|Any CPU
		{4CB915D4-EAB2-4545-B628-A6E1837D8977}.Release|Any CPU.ActiveCfg = Release|Any CPU
		{4CB915D4-EAB2-4545-B628-A6E1837D8977}.Release|Any CPU.Build.0 = Release|Any CPU
		{788E8EBA-D65D-4F57-BA00-2075F326E327}.Debug|Any CPU.ActiveCfg = Debug|Any CPU
		{788E8EBA-D65D-4F57-BA00-2075F326E327}.Debug|Any CPU.Build.0 = Debug|Any CPU
		{788E8EBA-D65D-4F57-BA00-2075F326E327}.Release|Any CPU.ActiveCfg = Release|Any CPU
		{788E8EBA-D65D-4F57-BA00-2075F326E327}.Release|Any CPU.Build.0 = Release|Any CPU
	EndGlobalSection
	GlobalSection(SolutionProperties) = preSolution
		HideSolutionNode = FALSE
	EndGlobalSection
	GlobalSection(ExtensibilityGlobals) = postSolution
		SolutionGuid = {11B9D680-C075-4C53-A176-5491213F7765}
	EndGlobalSection
EndGlobal
